
Microsoft Visual Studio Solution File, Format Version 12.00
# Visual Studio Version 17
VisualStudioVersion = 17.10.35122.118
MinimumVisualStudioVersion = 10.0.40219.1
Project("{FAE04EC0-301F-11D3-BF4B-00C04F79EFBC}") = "Portal", "Portal\Portal.csproj", "{87D08AD4-976D-43DB-B83D-0A8E5A59C097}"
EndProject
Project("{FAE04EC0-301F-11D3-BF4B-00C04F79EFBC}") = "PortalService", "PortalService\PortalService.csproj", "{F5E3BFCE-2B9C-46B6-B8F7-8AA10961DF75}"
EndProject
Project("{FAE04EC0-301F-11D3-BF4B-00C04F79EFBC}") = "PortalRepository", "PortalRepository\PortalRepository.csproj", "{88D2454A-D02D-4CE7-9E14-E9215C0EE690}"
EndProject
Project("{FAE04EC0-301F-11D3-BF4B-00C04F79EFBC}") = "PortalTest", "PortalTest\PortalTest.csproj", "{4313D4ED-C4CF-4155-ADED-DBEAEA3B6924}"
EndProject
Project("{FAE04EC0-301F-11D3-BF4B-00C04F79EFBC}") = "PortalCommon", "PortalCommon\PortalCommon.csproj", "{4E7BB17A-9EDB-4713-A2B5-CFC301643B98}"
EndProject
Global
	GlobalSection(SolutionConfigurationPlatforms) = preSolution
		Debug|Any CPU = Debug|Any CPU
		Release|Any CPU = Release|Any CPU
	EndGlobalSection
	GlobalSection(ProjectConfigurationPlatforms) = postSolution
		{87D08AD4-976D-43DB-B83D-0A8E5A59C097}.Debug|Any CPU.ActiveCfg = Debug|Any CPU
		{87D08AD4-976D-43DB-B83D-0A8E5A59C097}.Debug|Any CPU.Build.0 = Debug|Any CPU
		{87D08AD4-976D-43DB-B83D-0A8E5A59C097}.Release|Any CPU.ActiveCfg = Release|Any CPU
		{87D08AD4-976D-43DB-B83D-0A8E5A59C097}.Release|Any CPU.Build.0 = Release|Any CPU
		{F5E3BFCE-2B9C-46B6-B8F7-8AA10961DF75}.Debug|Any CPU.ActiveCfg = Debug|Any CPU
		{F5E3BFCE-2B9C-46B6-B8F7-8AA10961DF75}.Debug|Any CPU.Build.0 = Debug|Any CPU
		{F5E3BFCE-2B9C-46B6-B8F7-8AA10961DF75}.Release|Any CPU.ActiveCfg = Release|Any CPU
		{F5E3BFCE-2B9C-46B6-B8F7-8AA10961DF75}.Release|Any CPU.Build.0 = Release|Any CPU
		{88D2454A-D02D-4CE7-9E14-E9215C0EE690}.Debug|Any CPU.ActiveCfg = Debug|Any CPU
		{88D2454A-D02D-4CE7-9E14-E9215C0EE690}.Debug|Any CPU.Build.0 = Debug|Any CPU
		{88D2454A-D02D-4CE7-9E14-E9215C0EE690}.Release|Any CPU.ActiveCfg = Release|Any CPU
		{88D2454A-D02D-4CE7-9E14-E9215C0EE690}.Release|Any CPU.Build.0 = Release|Any CPU
		{4313D4ED-C4CF-4155-ADED-DBEAEA3B6924}.Debug|Any CPU.ActiveCfg = Debug|Any CPU
		{4313D4ED-C4CF-4155-ADED-DBEAEA3B6924}.Debug|Any CPU.Build.0 = Debug|Any CPU
		{4313D4ED-C4CF-4155-ADED-DBEAEA3B6924}.Release|Any CPU.ActiveCfg = Release|Any CPU
		{4313D4ED-C4CF-4155-ADED-DBEAEA3B6924}.Release|Any CPU.Build.0 = Release|Any CPU
		{4E7BB17A-9EDB-4713-A2B5-CFC301643B98}.Debug|Any CPU.ActiveCfg = Debug|Any CPU
		{4E7BB17A-9EDB-4713-A2B5-CFC301643B98}.Debug|Any CPU.Build.0 = Debug|Any CPU
		{4E7BB17A-9EDB-4713-A2B5-CFC301643B98}.Release|Any CPU.ActiveCfg = Release|Any CPU
		{4E7BB17A-9EDB-4713-A2B5-CFC301643B98}.Release|Any CPU.Build.0 = Release|Any CPU
	EndGlobalSection
	GlobalSection(SolutionProperties) = preSolution
		HideSolutionNode = FALSE
	EndGlobalSection
	GlobalSection(ExtensibilityGlobals) = postSolution
		SolutionGuid = {E09A5FBD-A376-4BC9-AB6B-554FFEDBC93B}
	EndGlobalSection
EndGlobal
